// !$*UTF8*$!
{
	archiveVersion = 1;
	classes = {
	};
	objectVersion = 56;
	objects = {

/* Begin PBXBuildFile section */
		5B1CE3AD2A45CDB4004F1476 /* NewAnimator.swift in Sources */ = {isa = PBXBuildFile; fileRef = 5B1CE3AC2A45CDB4004F1476 /* NewAnimator.swift */; };
		5B259AFA2A6153B100E2E544 /* TaskViewModel.swift in Sources */ = {isa = PBXBuildFile; fileRef = 5B259AF92A6153B100E2E544 /* TaskViewModel.swift */; };
		5B259AFD2A61542B00E2E544 /* TaskView.swift in Sources */ = {isa = PBXBuildFile; fileRef = 5B259AFC2A61542B00E2E544 /* TaskView.swift */; };
		5B259AFF2A615F8700E2E544 /* TaskViewController.swift in Sources */ = {isa = PBXBuildFile; fileRef = 5B259AFE2A615F8700E2E544 /* TaskViewController.swift */; };
		5B4888C32A49BDDE00EF4357 /* FirstMonthCell.swift in Sources */ = {isa = PBXBuildFile; fileRef = 5B4888C22A49BDDE00EF4357 /* FirstMonthCell.swift */; };
		5B4888C72A49BE2900EF4357 /* MonthModel.swift in Sources */ = {isa = PBXBuildFile; fileRef = 5B4888C62A49BE2900EF4357 /* MonthModel.swift */; };
		5B4888CC2A49C4BF00EF4357 /* CalendarViewModel.swift in Sources */ = {isa = PBXBuildFile; fileRef = 5B4888CB2A49C4BF00EF4357 /* CalendarViewModel.swift */; };
		5B4888CE2A49C4DF00EF4357 /* Month.swift in Sources */ = {isa = PBXBuildFile; fileRef = 5B4888CD2A49C4DF00EF4357 /* Month.swift */; };
		5B4888D02A4ACFCE00EF4357 /* YearsHeaderView.swift in Sources */ = {isa = PBXBuildFile; fileRef = 5B4888CF2A4ACFCE00EF4357 /* YearsHeaderView.swift */; };
		5B60361A2A3C5B3300E5C4C8 /* Coordinator.swift in Sources */ = {isa = PBXBuildFile; fileRef = 5B6036192A3C5B3300E5C4C8 /* Coordinator.swift */; };
		5B60361C2A3C5EDA00E5C4C8 /* Animator.swift in Sources */ = {isa = PBXBuildFile; fileRef = 5B60361B2A3C5EDA00E5C4C8 /* Animator.swift */; };
		5B60361E2A3C6D4D00E5C4C8 /* CoordinatorFactory.swift in Sources */ = {isa = PBXBuildFile; fileRef = 5B60361D2A3C6D4D00E5C4C8 /* CoordinatorFactory.swift */; };
		5B6036202A3C709D00E5C4C8 /* ModuleFactory.swift in Sources */ = {isa = PBXBuildFile; fileRef = 5B60361F2A3C709D00E5C4C8 /* ModuleFactory.swift */; };
		5B6036252A3C7CA700E5C4C8 /* FlowController.swift in Sources */ = {isa = PBXBuildFile; fileRef = 5B6036242A3C7CA700E5C4C8 /* FlowController.swift */; };
		5B70C0F72A43258300F1582D /* SecondView.swift in Sources */ = {isa = PBXBuildFile; fileRef = 5B70C0F62A43258300F1582D /* SecondView.swift */; };
		5B70C0F92A432A3100F1582D /* FirstView.swift in Sources */ = {isa = PBXBuildFile; fileRef = 5B70C0F82A432A3100F1582D /* FirstView.swift */; };
		5B70C0FB2A443F6600F1582D /* FirstViewDelegate.swift in Sources */ = {isa = PBXBuildFile; fileRef = 5B70C0FA2A443F6600F1582D /* FirstViewDelegate.swift */; };
		5B770D892A3F3094009D0400 /* UIViewControllerExtension.swift in Sources */ = {isa = PBXBuildFile; fileRef = 5B770D882A3F3094009D0400 /* UIViewControllerExtension.swift */; };
		5BBE12DD2A39C94900976B79 /* AppDelegate.swift in Sources */ = {isa = PBXBuildFile; fileRef = 5BBE12DC2A39C94900976B79 /* AppDelegate.swift */; };
		5BBE12DF2A39C94900976B79 /* SceneDelegate.swift in Sources */ = {isa = PBXBuildFile; fileRef = 5BBE12DE2A39C94900976B79 /* SceneDelegate.swift */; };
		5BBE12E12A39C94900976B79 /* FirstViewController.swift in Sources */ = {isa = PBXBuildFile; fileRef = 5BBE12E02A39C94900976B79 /* FirstViewController.swift */; };
		5BBE12E62A39C94B00976B79 /* Assets.xcassets in Resources */ = {isa = PBXBuildFile; fileRef = 5BBE12E52A39C94B00976B79 /* Assets.xcassets */; };
		5BBE12E92A39C94B00976B79 /* LaunchScreen.storyboard in Resources */ = {isa = PBXBuildFile; fileRef = 5BBE12E72A39C94B00976B79 /* LaunchScreen.storyboard */; };
		5BBE12F42A39C94B00976B79 /* AnotherAnimatingTestTests.swift in Sources */ = {isa = PBXBuildFile; fileRef = 5BBE12F32A39C94B00976B79 /* AnotherAnimatingTestTests.swift */; };
		5BBE12FE2A39C94B00976B79 /* AnotherAnimatingTestUITests.swift in Sources */ = {isa = PBXBuildFile; fileRef = 5BBE12FD2A39C94B00976B79 /* AnotherAnimatingTestUITests.swift */; };
		5BBE13002A39C94B00976B79 /* AnotherAnimatingTestUITestsLaunchTests.swift in Sources */ = {isa = PBXBuildFile; fileRef = 5BBE12FF2A39C94B00976B79 /* AnotherAnimatingTestUITestsLaunchTests.swift */; };
		5BBE130D2A39CAA300976B79 /* SetupViewValue.swift in Sources */ = {isa = PBXBuildFile; fileRef = 5BBE130C2A39CAA300976B79 /* SetupViewValue.swift */; };
		5BBE130F2A39CAF000976B79 /* TextCell.swift in Sources */ = {isa = PBXBuildFile; fileRef = 5BBE130E2A39CAF000976B79 /* TextCell.swift */; };
		5BBE13112A39CBF700976B79 /* SecondViewController.swift in Sources */ = {isa = PBXBuildFile; fileRef = 5BBE13102A39CBF700976B79 /* SecondViewController.swift */; };
		5BD3AA282A4B66F200E99703 /* SecondMonthCell.swift in Sources */ = {isa = PBXBuildFile; fileRef = 5BD3AA272A4B66F200E99703 /* SecondMonthCell.swift */; };
		5BEA80682ABC3E2600D3B4E8 /* FirstViewControllerProtocol.swift in Sources */ = {isa = PBXBuildFile; fileRef = 5BEA80672ABC3E2600D3B4E8 /* FirstViewControllerProtocol.swift */; };
		5BEA806A2ABC41E500D3B4E8 /* SecondViewControllerProtocol.swift in Sources */ = {isa = PBXBuildFile; fileRef = 5BEA80692ABC41E500D3B4E8 /* SecondViewControllerProtocol.swift */; };
		6D0BB08550E73DD4340959C6 /* Pods_AnotherAnimatingTestTests.framework in Frameworks */ = {isa = PBXBuildFile; fileRef = 8239EE9F1D00A01CC56902B7 /* Pods_AnotherAnimatingTestTests.framework */; };
		B792420BA1F1399A142F1B19 /* Pods_AnotherAnimatingTest.framework in Frameworks */ = {isa = PBXBuildFile; fileRef = B63C921B8AA8FE7CF2DAB77F /* Pods_AnotherAnimatingTest.framework */; };
		C978E8CBA7FCBEFC31A7F42A /* Pods_AnotherAnimatingTest_AnotherAnimatingTestUITests.framework in Frameworks */ = {isa = PBXBuildFile; fileRef = 92BFA0C83CD8F3857856C494 /* Pods_AnotherAnimatingTest_AnotherAnimatingTestUITests.framework */; };
/* End PBXBuildFile section */

/* Begin PBXContainerItemProxy section */
		5BBE12F02A39C94B00976B79 /* PBXContainerItemProxy */ = {
			isa = PBXContainerItemProxy;
			containerPortal = 5BBE12D12A39C94900976B79 /* Project object */;
			proxyType = 1;
			remoteGlobalIDString = 5BBE12D82A39C94900976B79;
			remoteInfo = AnotherAnimatingTest;
		};
		5BBE12FA2A39C94B00976B79 /* PBXContainerItemProxy */ = {
			isa = PBXContainerItemProxy;
			containerPortal = 5BBE12D12A39C94900976B79 /* Project object */;
			proxyType = 1;
			remoteGlobalIDString = 5BBE12D82A39C94900976B79;
			remoteInfo = AnotherAnimatingTest;
		};
/* End PBXContainerItemProxy section */

/* Begin PBXFileReference section */
		23A6B1B0E47437149980BC59 /* Pods-AnotherAnimatingTest.debug.xcconfig */ = {isa = PBXFileReference; includeInIndex = 1; lastKnownFileType = text.xcconfig; name = "Pods-AnotherAnimatingTest.debug.xcconfig"; path = "Target Support Files/Pods-AnotherAnimatingTest/Pods-AnotherAnimatingTest.debug.xcconfig"; sourceTree = "<group>"; };
		393AE1757A70C9ED680DA9F4 /* Pods-AnotherAnimatingTest-AnotherAnimatingTestUITests.debug.xcconfig */ = {isa = PBXFileReference; includeInIndex = 1; lastKnownFileType = text.xcconfig; name = "Pods-AnotherAnimatingTest-AnotherAnimatingTestUITests.debug.xcconfig"; path = "Target Support Files/Pods-AnotherAnimatingTest-AnotherAnimatingTestUITests/Pods-AnotherAnimatingTest-AnotherAnimatingTestUITests.debug.xcconfig"; sourceTree = "<group>"; };
		59F422723FE178D937F720C8 /* Pods-AnotherAnimatingTestTests.debug.xcconfig */ = {isa = PBXFileReference; includeInIndex = 1; lastKnownFileType = text.xcconfig; name = "Pods-AnotherAnimatingTestTests.debug.xcconfig"; path = "Target Support Files/Pods-AnotherAnimatingTestTests/Pods-AnotherAnimatingTestTests.debug.xcconfig"; sourceTree = "<group>"; };
		5B1CE3AC2A45CDB4004F1476 /* NewAnimator.swift */ = {isa = PBXFileReference; lastKnownFileType = sourcecode.swift; path = NewAnimator.swift; sourceTree = "<group>"; };
		5B259AF92A6153B100E2E544 /* TaskViewModel.swift */ = {isa = PBXFileReference; lastKnownFileType = sourcecode.swift; path = TaskViewModel.swift; sourceTree = "<group>"; };
		5B259AFC2A61542B00E2E544 /* TaskView.swift */ = {isa = PBXFileReference; lastKnownFileType = sourcecode.swift; path = TaskView.swift; sourceTree = "<group>"; };
		5B259AFE2A615F8700E2E544 /* TaskViewController.swift */ = {isa = PBXFileReference; lastKnownFileType = sourcecode.swift; path = TaskViewController.swift; sourceTree = "<group>"; };
		5B4888C22A49BDDE00EF4357 /* FirstMonthCell.swift */ = {isa = PBXFileReference; lastKnownFileType = sourcecode.swift; path = FirstMonthCell.swift; sourceTree = "<group>"; };
		5B4888C62A49BE2900EF4357 /* MonthModel.swift */ = {isa = PBXFileReference; lastKnownFileType = sourcecode.swift; path = MonthModel.swift; sourceTree = "<group>"; };
		5B4888CB2A49C4BF00EF4357 /* CalendarViewModel.swift */ = {isa = PBXFileReference; lastKnownFileType = sourcecode.swift; path = CalendarViewModel.swift; sourceTree = "<group>"; };
		5B4888CD2A49C4DF00EF4357 /* Month.swift */ = {isa = PBXFileReference; lastKnownFileType = sourcecode.swift; path = Month.swift; sourceTree = "<group>"; };
		5B4888CF2A4ACFCE00EF4357 /* YearsHeaderView.swift */ = {isa = PBXFileReference; lastKnownFileType = sourcecode.swift; path = YearsHeaderView.swift; sourceTree = "<group>"; };
		5B6036192A3C5B3300E5C4C8 /* Coordinator.swift */ = {isa = PBXFileReference; lastKnownFileType = sourcecode.swift; path = Coordinator.swift; sourceTree = "<group>"; };
		5B60361B2A3C5EDA00E5C4C8 /* Animator.swift */ = {isa = PBXFileReference; lastKnownFileType = sourcecode.swift; path = Animator.swift; sourceTree = "<group>"; };
		5B60361D2A3C6D4D00E5C4C8 /* CoordinatorFactory.swift */ = {isa = PBXFileReference; lastKnownFileType = sourcecode.swift; path = CoordinatorFactory.swift; sourceTree = "<group>"; };
		5B60361F2A3C709D00E5C4C8 /* ModuleFactory.swift */ = {isa = PBXFileReference; lastKnownFileType = sourcecode.swift; path = ModuleFactory.swift; sourceTree = "<group>"; };
		5B6036242A3C7CA700E5C4C8 /* FlowController.swift */ = {isa = PBXFileReference; lastKnownFileType = sourcecode.swift; path = FlowController.swift; sourceTree = "<group>"; };
		5B70C0F62A43258300F1582D /* SecondView.swift */ = {isa = PBXFileReference; lastKnownFileType = sourcecode.swift; path = SecondView.swift; sourceTree = "<group>"; };
		5B70C0F82A432A3100F1582D /* FirstView.swift */ = {isa = PBXFileReference; lastKnownFileType = sourcecode.swift; path = FirstView.swift; sourceTree = "<group>"; };
		5B70C0FA2A443F6600F1582D /* FirstViewDelegate.swift */ = {isa = PBXFileReference; lastKnownFileType = sourcecode.swift; path = FirstViewDelegate.swift; sourceTree = "<group>"; };
		5B770D882A3F3094009D0400 /* UIViewControllerExtension.swift */ = {isa = PBXFileReference; lastKnownFileType = sourcecode.swift; path = UIViewControllerExtension.swift; sourceTree = "<group>"; };
		5BBE12D92A39C94900976B79 /* AnotherAnimatingTest.app */ = {isa = PBXFileReference; explicitFileType = wrapper.application; includeInIndex = 0; path = AnotherAnimatingTest.app; sourceTree = BUILT_PRODUCTS_DIR; };
		5BBE12DC2A39C94900976B79 /* AppDelegate.swift */ = {isa = PBXFileReference; lastKnownFileType = sourcecode.swift; path = AppDelegate.swift; sourceTree = "<group>"; };
		5BBE12DE2A39C94900976B79 /* SceneDelegate.swift */ = {isa = PBXFileReference; lastKnownFileType = sourcecode.swift; path = SceneDelegate.swift; sourceTree = "<group>"; };
		5BBE12E02A39C94900976B79 /* FirstViewController.swift */ = {isa = PBXFileReference; lastKnownFileType = sourcecode.swift; path = FirstViewController.swift; sourceTree = "<group>"; };
		5BBE12E52A39C94B00976B79 /* Assets.xcassets */ = {isa = PBXFileReference; lastKnownFileType = folder.assetcatalog; path = Assets.xcassets; sourceTree = "<group>"; };
		5BBE12E82A39C94B00976B79 /* Base */ = {isa = PBXFileReference; lastKnownFileType = file.storyboard; name = Base; path = Base.lproj/LaunchScreen.storyboard; sourceTree = "<group>"; };
		5BBE12EA2A39C94B00976B79 /* Info.plist */ = {isa = PBXFileReference; lastKnownFileType = text.plist.xml; path = Info.plist; sourceTree = "<group>"; };
		5BBE12EF2A39C94B00976B79 /* AnotherAnimatingTestTests.xctest */ = {isa = PBXFileReference; explicitFileType = wrapper.cfbundle; includeInIndex = 0; path = AnotherAnimatingTestTests.xctest; sourceTree = BUILT_PRODUCTS_DIR; };
		5BBE12F32A39C94B00976B79 /* AnotherAnimatingTestTests.swift */ = {isa = PBXFileReference; lastKnownFileType = sourcecode.swift; path = AnotherAnimatingTestTests.swift; sourceTree = "<group>"; };
		5BBE12F92A39C94B00976B79 /* AnotherAnimatingTestUITests.xctest */ = {isa = PBXFileReference; explicitFileType = wrapper.cfbundle; includeInIndex = 0; path = AnotherAnimatingTestUITests.xctest; sourceTree = BUILT_PRODUCTS_DIR; };
		5BBE12FD2A39C94B00976B79 /* AnotherAnimatingTestUITests.swift */ = {isa = PBXFileReference; lastKnownFileType = sourcecode.swift; path = AnotherAnimatingTestUITests.swift; sourceTree = "<group>"; };
		5BBE12FF2A39C94B00976B79 /* AnotherAnimatingTestUITestsLaunchTests.swift */ = {isa = PBXFileReference; lastKnownFileType = sourcecode.swift; path = AnotherAnimatingTestUITestsLaunchTests.swift; sourceTree = "<group>"; };
		5BBE130C2A39CAA300976B79 /* SetupViewValue.swift */ = {isa = PBXFileReference; lastKnownFileType = sourcecode.swift; path = SetupViewValue.swift; sourceTree = "<group>"; };
		5BBE130E2A39CAF000976B79 /* TextCell.swift */ = {isa = PBXFileReference; lastKnownFileType = sourcecode.swift; path = TextCell.swift; sourceTree = "<group>"; };
		5BBE13102A39CBF700976B79 /* SecondViewController.swift */ = {isa = PBXFileReference; lastKnownFileType = sourcecode.swift; path = SecondViewController.swift; sourceTree = "<group>"; };
		5BD3AA272A4B66F200E99703 /* SecondMonthCell.swift */ = {isa = PBXFileReference; lastKnownFileType = sourcecode.swift; path = SecondMonthCell.swift; sourceTree = "<group>"; };
		5BEA80672ABC3E2600D3B4E8 /* FirstViewControllerProtocol.swift */ = {isa = PBXFileReference; lastKnownFileType = sourcecode.swift; path = FirstViewControllerProtocol.swift; sourceTree = "<group>"; };
		5BEA80692ABC41E500D3B4E8 /* SecondViewControllerProtocol.swift */ = {isa = PBXFileReference; lastKnownFileType = sourcecode.swift; path = SecondViewControllerProtocol.swift; sourceTree = "<group>"; };
		6AF149A9CB9EFE54D3051E61 /* Pods-AnotherAnimatingTestTests.release.xcconfig */ = {isa = PBXFileReference; includeInIndex = 1; lastKnownFileType = text.xcconfig; name = "Pods-AnotherAnimatingTestTests.release.xcconfig"; path = "Target Support Files/Pods-AnotherAnimatingTestTests/Pods-AnotherAnimatingTestTests.release.xcconfig"; sourceTree = "<group>"; };
		8239EE9F1D00A01CC56902B7 /* Pods_AnotherAnimatingTestTests.framework */ = {isa = PBXFileReference; explicitFileType = wrapper.framework; includeInIndex = 0; path = Pods_AnotherAnimatingTestTests.framework; sourceTree = BUILT_PRODUCTS_DIR; };
		92BFA0C83CD8F3857856C494 /* Pods_AnotherAnimatingTest_AnotherAnimatingTestUITests.framework */ = {isa = PBXFileReference; explicitFileType = wrapper.framework; includeInIndex = 0; path = Pods_AnotherAnimatingTest_AnotherAnimatingTestUITests.framework; sourceTree = BUILT_PRODUCTS_DIR; };
		AED8B4C3E14384C0F4D7027D /* Pods-AnotherAnimatingTest-AnotherAnimatingTestUITests.release.xcconfig */ = {isa = PBXFileReference; includeInIndex = 1; lastKnownFileType = text.xcconfig; name = "Pods-AnotherAnimatingTest-AnotherAnimatingTestUITests.release.xcconfig"; path = "Target Support Files/Pods-AnotherAnimatingTest-AnotherAnimatingTestUITests/Pods-AnotherAnimatingTest-AnotherAnimatingTestUITests.release.xcconfig"; sourceTree = "<group>"; };
		B63C921B8AA8FE7CF2DAB77F /* Pods_AnotherAnimatingTest.framework */ = {isa = PBXFileReference; explicitFileType = wrapper.framework; includeInIndex = 0; path = Pods_AnotherAnimatingTest.framework; sourceTree = BUILT_PRODUCTS_DIR; };
		DC77589DEF8C04236F6F9BD6 /* Pods-AnotherAnimatingTest.release.xcconfig */ = {isa = PBXFileReference; includeInIndex = 1; lastKnownFileType = text.xcconfig; name = "Pods-AnotherAnimatingTest.release.xcconfig"; path = "Target Support Files/Pods-AnotherAnimatingTest/Pods-AnotherAnimatingTest.release.xcconfig"; sourceTree = "<group>"; };
/* End PBXFileReference section */

/* Begin PBXFrameworksBuildPhase section */
		5BBE12D62A39C94900976B79 /* Frameworks */ = {
			isa = PBXFrameworksBuildPhase;
			buildActionMask = 2147483647;
			files = (
				B792420BA1F1399A142F1B19 /* Pods_AnotherAnimatingTest.framework in Frameworks */,
			);
			runOnlyForDeploymentPostprocessing = 0;
		};
		5BBE12EC2A39C94B00976B79 /* Frameworks */ = {
			isa = PBXFrameworksBuildPhase;
			buildActionMask = 2147483647;
			files = (
				6D0BB08550E73DD4340959C6 /* Pods_AnotherAnimatingTestTests.framework in Frameworks */,
			);
			runOnlyForDeploymentPostprocessing = 0;
		};
		5BBE12F62A39C94B00976B79 /* Frameworks */ = {
			isa = PBXFrameworksBuildPhase;
			buildActionMask = 2147483647;
			files = (
				C978E8CBA7FCBEFC31A7F42A /* Pods_AnotherAnimatingTest_AnotherAnimatingTestUITests.framework in Frameworks */,
			);
			runOnlyForDeploymentPostprocessing = 0;
		};
/* End PBXFrameworksBuildPhase section */

/* Begin PBXGroup section */
		5B23B2312A6015AB0042DEB7 /* First */ = {
			isa = PBXGroup;
			children = (
				5B70C0FA2A443F6600F1582D /* FirstViewDelegate.swift */,
				5BBE12E02A39C94900976B79 /* FirstViewController.swift */,
				5B70C0F82A432A3100F1582D /* FirstView.swift */,
				5BEA80672ABC3E2600D3B4E8 /* FirstViewControllerProtocol.swift */,
			);
			path = First;
			sourceTree = "<group>";
		};
		5B23B2322A6015C20042DEB7 /* Second */ = {
			isa = PBXGroup;
			children = (
				5BBE13102A39CBF700976B79 /* SecondViewController.swift */,
				5B70C0F62A43258300F1582D /* SecondView.swift */,
				5B770D882A3F3094009D0400 /* UIViewControllerExtension.swift */,
				5BEA80692ABC41E500D3B4E8 /* SecondViewControllerProtocol.swift */,
			);
			path = Second;
			sourceTree = "<group>";
		};
		5B259AFB2A6153EF00E2E544 /* Task */ = {
			isa = PBXGroup;
			children = (
				5B259AFC2A61542B00E2E544 /* TaskView.swift */,
				5B259AFE2A615F8700E2E544 /* TaskViewController.swift */,
			);
			path = Task;
			sourceTree = "<group>";
		};
		5B4888C12A49BCEC00EF4357 /* Cell */ = {
			isa = PBXGroup;
			children = (
				5B4888C22A49BDDE00EF4357 /* FirstMonthCell.swift */,
				5BD3AA272A4B66F200E99703 /* SecondMonthCell.swift */,
				5B4888CF2A4ACFCE00EF4357 /* YearsHeaderView.swift */,
			);
			path = Cell;
			sourceTree = "<group>";
		};
		5B4888C52A49BE0C00EF4357 /* Model */ = {
			isa = PBXGroup;
			children = (
				5B4888C62A49BE2900EF4357 /* MonthModel.swift */,
				5B259AF92A6153B100E2E544 /* TaskViewModel.swift */,
			);
			path = Model;
			sourceTree = "<group>";
		};
		5B6036212A3C717A00E5C4C8 /* Factory */ = {
			isa = PBXGroup;
			children = (
				5B60361F2A3C709D00E5C4C8 /* ModuleFactory.swift */,
				5B60361D2A3C6D4D00E5C4C8 /* CoordinatorFactory.swift */,
			);
			path = Factory;
			sourceTree = "<group>";
		};
		5B6036232A3C719B00E5C4C8 /* ViewController */ = {
			isa = PBXGroup;
			children = (
				5B23B2312A6015AB0042DEB7 /* First */,
				5B4888CB2A49C4BF00EF4357 /* CalendarViewModel.swift */,
				5B1CE3AC2A45CDB4004F1476 /* NewAnimator.swift */,
				5B23B2322A6015C20042DEB7 /* Second */,
				5B259AFB2A6153EF00E2E544 /* Task */,
			);
			path = ViewController;
			sourceTree = "<group>";
		};
		5BBE12D02A39C94900976B79 = {
			isa = PBXGroup;
			children = (
				5BBE12DB2A39C94900976B79 /* AnotherAnimatingTest */,
				5BBE12F22A39C94B00976B79 /* AnotherAnimatingTestTests */,
				5BBE12FC2A39C94B00976B79 /* AnotherAnimatingTestUITests */,
				5BBE12DA2A39C94900976B79 /* Products */,
				B3E46EEC760F4FD23E354DE8 /* Pods */,
				768FFC73A008FC5342CC4ACF /* Frameworks */,
			);
			sourceTree = "<group>";
		};
		5BBE12DA2A39C94900976B79 /* Products */ = {
			isa = PBXGroup;
			children = (
				5BBE12D92A39C94900976B79 /* AnotherAnimatingTest.app */,
				5BBE12EF2A39C94B00976B79 /* AnotherAnimatingTestTests.xctest */,
				5BBE12F92A39C94B00976B79 /* AnotherAnimatingTestUITests.xctest */,
			);
			name = Products;
			sourceTree = "<group>";
		};
		5BBE12DB2A39C94900976B79 /* AnotherAnimatingTest */ = {
			isa = PBXGroup;
			children = (
				5BD3AA242A4B1CB100E99703 /* Enum */,
				5B4888C52A49BE0C00EF4357 /* Model */,
				5B4888C12A49BCEC00EF4357 /* Cell */,
				5B6036212A3C717A00E5C4C8 /* Factory */,
				5B6036192A3C5B3300E5C4C8 /* Coordinator.swift */,
				5B6036242A3C7CA700E5C4C8 /* FlowController.swift */,
				5B6036232A3C719B00E5C4C8 /* ViewController */,
				5BBE12E52A39C94B00976B79 /* Assets.xcassets */,
				5BBE12E72A39C94B00976B79 /* LaunchScreen.storyboard */,
				5BBE12EA2A39C94B00976B79 /* Info.plist */,
				5BBE130E2A39CAF000976B79 /* TextCell.swift */,
				5B60361B2A3C5EDA00E5C4C8 /* Animator.swift */,
				5BBE13162A39F12D00976B79 /* App */,
			);
			path = AnotherAnimatingTest;
			sourceTree = "<group>";
		};
		5BBE12F22A39C94B00976B79 /* AnotherAnimatingTestTests */ = {
			isa = PBXGroup;
			children = (
				5BBE12F32A39C94B00976B79 /* AnotherAnimatingTestTests.swift */,
			);
			path = AnotherAnimatingTestTests;
			sourceTree = "<group>";
		};
		5BBE12FC2A39C94B00976B79 /* AnotherAnimatingTestUITests */ = {
			isa = PBXGroup;
			children = (
				5BBE12FD2A39C94B00976B79 /* AnotherAnimatingTestUITests.swift */,
				5BBE12FF2A39C94B00976B79 /* AnotherAnimatingTestUITestsLaunchTests.swift */,
			);
			path = AnotherAnimatingTestUITests;
			sourceTree = "<group>";
		};
		5BBE13162A39F12D00976B79 /* App */ = {
			isa = PBXGroup;
			children = (
				5BBE12DC2A39C94900976B79 /* AppDelegate.swift */,
				5BBE12DE2A39C94900976B79 /* SceneDelegate.swift */,
			);
			path = App;
			sourceTree = "<group>";
		};
		5BD3AA242A4B1CB100E99703 /* Enum */ = {
			isa = PBXGroup;
			children = (
				5B4888CD2A49C4DF00EF4357 /* Month.swift */,
				5BBE130C2A39CAA300976B79 /* SetupViewValue.swift */,
			);
			path = Enum;
			sourceTree = "<group>";
		};
		768FFC73A008FC5342CC4ACF /* Frameworks */ = {
			isa = PBXGroup;
			children = (
				B63C921B8AA8FE7CF2DAB77F /* Pods_AnotherAnimatingTest.framework */,
				92BFA0C83CD8F3857856C494 /* Pods_AnotherAnimatingTest_AnotherAnimatingTestUITests.framework */,
				8239EE9F1D00A01CC56902B7 /* Pods_AnotherAnimatingTestTests.framework */,
			);
			name = Frameworks;
			sourceTree = "<group>";
		};
		B3E46EEC760F4FD23E354DE8 /* Pods */ = {
			isa = PBXGroup;
			children = (
				23A6B1B0E47437149980BC59 /* Pods-AnotherAnimatingTest.debug.xcconfig */,
				DC77589DEF8C04236F6F9BD6 /* Pods-AnotherAnimatingTest.release.xcconfig */,
				393AE1757A70C9ED680DA9F4 /* Pods-AnotherAnimatingTest-AnotherAnimatingTestUITests.debug.xcconfig */,
				AED8B4C3E14384C0F4D7027D /* Pods-AnotherAnimatingTest-AnotherAnimatingTestUITests.release.xcconfig */,
				59F422723FE178D937F720C8 /* Pods-AnotherAnimatingTestTests.debug.xcconfig */,
				6AF149A9CB9EFE54D3051E61 /* Pods-AnotherAnimatingTestTests.release.xcconfig */,
			);
			path = Pods;
			sourceTree = "<group>";
		};
/* End PBXGroup section */

/* Begin PBXNativeTarget section */
		5BBE12D82A39C94900976B79 /* AnotherAnimatingTest */ = {
			isa = PBXNativeTarget;
			buildConfigurationList = 5BBE13032A39C94B00976B79 /* Build configuration list for PBXNativeTarget "AnotherAnimatingTest" */;
			buildPhases = (
				846DB2A4C0F6D45D9D5624B0 /* [CP] Check Pods Manifest.lock */,
				5BBE12D52A39C94900976B79 /* Sources */,
				5BBE12D62A39C94900976B79 /* Frameworks */,
				5BBE12D72A39C94900976B79 /* Resources */,
				C9BD428C243B9C82DB328DFE /* [CP] Embed Pods Frameworks */,
			);
			buildRules = (
			);
			dependencies = (
			);
			name = AnotherAnimatingTest;
			productName = AnotherAnimatingTest;
			productReference = 5BBE12D92A39C94900976B79 /* AnotherAnimatingTest.app */;
			productType = "com.apple.product-type.application";
		};
		5BBE12EE2A39C94B00976B79 /* AnotherAnimatingTestTests */ = {
			isa = PBXNativeTarget;
			buildConfigurationList = 5BBE13062A39C94B00976B79 /* Build configuration list for PBXNativeTarget "AnotherAnimatingTestTests" */;
			buildPhases = (
				5BD08344FCAD9365F5926851 /* [CP] Check Pods Manifest.lock */,
				5BBE12EB2A39C94B00976B79 /* Sources */,
				5BBE12EC2A39C94B00976B79 /* Frameworks */,
				5BBE12ED2A39C94B00976B79 /* Resources */,
			);
			buildRules = (
			);
			dependencies = (
				5BBE12F12A39C94B00976B79 /* PBXTargetDependency */,
			);
			name = AnotherAnimatingTestTests;
			productName = AnotherAnimatingTestTests;
			productReference = 5BBE12EF2A39C94B00976B79 /* AnotherAnimatingTestTests.xctest */;
			productType = "com.apple.product-type.bundle.unit-test";
		};
		5BBE12F82A39C94B00976B79 /* AnotherAnimatingTestUITests */ = {
			isa = PBXNativeTarget;
			buildConfigurationList = 5BBE13092A39C94B00976B79 /* Build configuration list for PBXNativeTarget "AnotherAnimatingTestUITests" */;
			buildPhases = (
				86B0DF12DBE2E18738481071 /* [CP] Check Pods Manifest.lock */,
				5BBE12F52A39C94B00976B79 /* Sources */,
				5BBE12F62A39C94B00976B79 /* Frameworks */,
				5BBE12F72A39C94B00976B79 /* Resources */,
				9088C0796029AB493F2E8481 /* [CP] Embed Pods Frameworks */,
			);
			buildRules = (
			);
			dependencies = (
				5BBE12FB2A39C94B00976B79 /* PBXTargetDependency */,
			);
			name = AnotherAnimatingTestUITests;
			productName = AnotherAnimatingTestUITests;
			productReference = 5BBE12F92A39C94B00976B79 /* AnotherAnimatingTestUITests.xctest */;
			productType = "com.apple.product-type.bundle.ui-testing";
		};
/* End PBXNativeTarget section */

/* Begin PBXProject section */
		5BBE12D12A39C94900976B79 /* Project object */ = {
			isa = PBXProject;
			attributes = {
				BuildIndependentTargetsInParallel = 1;
				LastSwiftUpdateCheck = 1430;
				LastUpgradeCheck = 1430;
				TargetAttributes = {
					5BBE12D82A39C94900976B79 = {
						CreatedOnToolsVersion = 14.3.1;
					};
					5BBE12EE2A39C94B00976B79 = {
						CreatedOnToolsVersion = 14.3.1;
						TestTargetID = 5BBE12D82A39C94900976B79;
					};
					5BBE12F82A39C94B00976B79 = {
						CreatedOnToolsVersion = 14.3.1;
						TestTargetID = 5BBE12D82A39C94900976B79;
					};
				};
			};
			buildConfigurationList = 5BBE12D42A39C94900976B79 /* Build configuration list for PBXProject "AnotherAnimatingTest" */;
			compatibilityVersion = "Xcode 14.0";
			developmentRegion = en;
			hasScannedForEncodings = 0;
			knownRegions = (
				en,
				Base,
			);
			mainGroup = 5BBE12D02A39C94900976B79;
			productRefGroup = 5BBE12DA2A39C94900976B79 /* Products */;
			projectDirPath = "";
			projectRoot = "";
			targets = (
				5BBE12D82A39C94900976B79 /* AnotherAnimatingTest */,
				5BBE12EE2A39C94B00976B79 /* AnotherAnimatingTestTests */,
				5BBE12F82A39C94B00976B79 /* AnotherAnimatingTestUITests */,
			);
		};
/* End PBXProject section */

/* Begin PBXResourcesBuildPhase section */
		5BBE12D72A39C94900976B79 /* Resources */ = {
			isa = PBXResourcesBuildPhase;
			buildActionMask = 2147483647;
			files = (
				5BBE12E92A39C94B00976B79 /* LaunchScreen.storyboard in Resources */,
				5BBE12E62A39C94B00976B79 /* Assets.xcassets in Resources */,
			);
			runOnlyForDeploymentPostprocessing = 0;
		};
		5BBE12ED2A39C94B00976B79 /* Resources */ = {
			isa = PBXResourcesBuildPhase;
			buildActionMask = 2147483647;
			files = (
			);
			runOnlyForDeploymentPostprocessing = 0;
		};
		5BBE12F72A39C94B00976B79 /* Resources */ = {
			isa = PBXResourcesBuildPhase;
			buildActionMask = 2147483647;
			files = (
			);
			runOnlyForDeploymentPostprocessing = 0;
		};
/* End PBXResourcesBuildPhase section */

/* Begin PBXShellScriptBuildPhase section */
		5BD08344FCAD9365F5926851 /* [CP] Check Pods Manifest.lock */ = {
			isa = PBXShellScriptBuildPhase;
			buildActionMask = 2147483647;
			files = (
			);
			inputFileListPaths = (
			);
			inputPaths = (
				"${PODS_PODFILE_DIR_PATH}/Podfile.lock",
				"${PODS_ROOT}/Manifest.lock",
			);
			name = "[CP] Check Pods Manifest.lock";
			outputFileListPaths = (
			);
			outputPaths = (
				"$(DERIVED_FILE_DIR)/Pods-AnotherAnimatingTestTests-checkManifestLockResult.txt",
			);
			runOnlyForDeploymentPostprocessing = 0;
			shellPath = /bin/sh;
			shellScript = "diff \"${PODS_PODFILE_DIR_PATH}/Podfile.lock\" \"${PODS_ROOT}/Manifest.lock\" > /dev/null\nif [ $? != 0 ] ; then\n    # print error to STDERR\n    echo \"error: The sandbox is not in sync with the Podfile.lock. Run 'pod install' or update your CocoaPods installation.\" >&2\n    exit 1\nfi\n# This output is used by Xcode 'outputs' to avoid re-running this script phase.\necho \"SUCCESS\" > \"${SCRIPT_OUTPUT_FILE_0}\"\n";
			showEnvVarsInLog = 0;
		};
		846DB2A4C0F6D45D9D5624B0 /* [CP] Check Pods Manifest.lock */ = {
			isa = PBXShellScriptBuildPhase;
			buildActionMask = 2147483647;
			files = (
			);
			inputFileListPaths = (
			);
			inputPaths = (
				"${PODS_PODFILE_DIR_PATH}/Podfile.lock",
				"${PODS_ROOT}/Manifest.lock",
			);
			name = "[CP] Check Pods Manifest.lock";
			outputFileListPaths = (
			);
			outputPaths = (
				"$(DERIVED_FILE_DIR)/Pods-AnotherAnimatingTest-checkManifestLockResult.txt",
			);
			runOnlyForDeploymentPostprocessing = 0;
			shellPath = /bin/sh;
			shellScript = "diff \"${PODS_PODFILE_DIR_PATH}/Podfile.lock\" \"${PODS_ROOT}/Manifest.lock\" > /dev/null\nif [ $? != 0 ] ; then\n    # print error to STDERR\n    echo \"error: The sandbox is not in sync with the Podfile.lock. Run 'pod install' or update your CocoaPods installation.\" >&2\n    exit 1\nfi\n# This output is used by Xcode 'outputs' to avoid re-running this script phase.\necho \"SUCCESS\" > \"${SCRIPT_OUTPUT_FILE_0}\"\n";
			showEnvVarsInLog = 0;
		};
		86B0DF12DBE2E18738481071 /* [CP] Check Pods Manifest.lock */ = {
			isa = PBXShellScriptBuildPhase;
			buildActionMask = 2147483647;
			files = (
			);
			inputFileListPaths = (
			);
			inputPaths = (
				"${PODS_PODFILE_DIR_PATH}/Podfile.lock",
				"${PODS_ROOT}/Manifest.lock",
			);
			name = "[CP] Check Pods Manifest.lock";
			outputFileListPaths = (
			);
			outputPaths = (
				"$(DERIVED_FILE_DIR)/Pods-AnotherAnimatingTest-AnotherAnimatingTestUITests-checkManifestLockResult.txt",
			);
			runOnlyForDeploymentPostprocessing = 0;
			shellPath = /bin/sh;
			shellScript = "diff \"${PODS_PODFILE_DIR_PATH}/Podfile.lock\" \"${PODS_ROOT}/Manifest.lock\" > /dev/null\nif [ $? != 0 ] ; then\n    # print error to STDERR\n    echo \"error: The sandbox is not in sync with the Podfile.lock. Run 'pod install' or update your CocoaPods installation.\" >&2\n    exit 1\nfi\n# This output is used by Xcode 'outputs' to avoid re-running this script phase.\necho \"SUCCESS\" > \"${SCRIPT_OUTPUT_FILE_0}\"\n";
			showEnvVarsInLog = 0;
		};
		9088C0796029AB493F2E8481 /* [CP] Embed Pods Frameworks */ = {
			isa = PBXShellScriptBuildPhase;
			buildActionMask = 2147483647;
			files = (
			);
			inputFileListPaths = (
				"${PODS_ROOT}/Target Support Files/Pods-AnotherAnimatingTest-AnotherAnimatingTestUITests/Pods-AnotherAnimatingTest-AnotherAnimatingTestUITests-frameworks-${CONFIGURATION}-input-files.xcfilelist",
			);
			name = "[CP] Embed Pods Frameworks";
			outputFileListPaths = (
				"${PODS_ROOT}/Target Support Files/Pods-AnotherAnimatingTest-AnotherAnimatingTestUITests/Pods-AnotherAnimatingTest-AnotherAnimatingTestUITests-frameworks-${CONFIGURATION}-output-files.xcfilelist",
			);
			runOnlyForDeploymentPostprocessing = 0;
			shellPath = /bin/sh;
			shellScript = "\"${PODS_ROOT}/Target Support Files/Pods-AnotherAnimatingTest-AnotherAnimatingTestUITests/Pods-AnotherAnimatingTest-AnotherAnimatingTestUITests-frameworks.sh\"\n";
			showEnvVarsInLog = 0;
		};
		C9BD428C243B9C82DB328DFE /* [CP] Embed Pods Frameworks */ = {
			isa = PBXShellScriptBuildPhase;
			buildActionMask = 2147483647;
			files = (
			);
			inputFileListPaths = (
				"${PODS_ROOT}/Target Support Files/Pods-AnotherAnimatingTest/Pods-AnotherAnimatingTest-frameworks-${CONFIGURATION}-input-files.xcfilelist",
			);
			name = "[CP] Embed Pods Frameworks";
			outputFileListPaths = (
				"${PODS_ROOT}/Target Support Files/Pods-AnotherAnimatingTest/Pods-AnotherAnimatingTest-frameworks-${CONFIGURATION}-output-files.xcfilelist",
			);
			runOnlyForDeploymentPostprocessing = 0;
			shellPath = /bin/sh;
			shellScript = "\"${PODS_ROOT}/Target Support Files/Pods-AnotherAnimatingTest/Pods-AnotherAnimatingTest-frameworks.sh\"\n";
			showEnvVarsInLog = 0;
		};
/* End PBXShellScriptBuildPhase section */

/* Begin PBXSourcesBuildPhase section */
		5BBE12D52A39C94900976B79 /* Sources */ = {
			isa = PBXSourcesBuildPhase;
			buildActionMask = 2147483647;
			files = (
				5B70C0FB2A443F6600F1582D /* FirstViewDelegate.swift in Sources */,
				5B4888C72A49BE2900EF4357 /* MonthModel.swift in Sources */,
				5B259AFF2A615F8700E2E544 /* TaskViewController.swift in Sources */,
				5B259AFA2A6153B100E2E544 /* TaskViewModel.swift in Sources */,
				5B4888CE2A49C4DF00EF4357 /* Month.swift in Sources */,
				5B1CE3AD2A45CDB4004F1476 /* NewAnimator.swift in Sources */,
				5B4888D02A4ACFCE00EF4357 /* YearsHeaderView.swift in Sources */,
				5B70C0F92A432A3100F1582D /* FirstView.swift in Sources */,
				5B70C0F72A43258300F1582D /* SecondView.swift in Sources */,
				5BEA80682ABC3E2600D3B4E8 /* FirstViewControllerProtocol.swift in Sources */,
				5BBE130F2A39CAF000976B79 /* TextCell.swift in Sources */,
				5BBE130D2A39CAA300976B79 /* SetupViewValue.swift in Sources */,
				5BBE12E12A39C94900976B79 /* FirstViewController.swift in Sources */,
				5BBE12DD2A39C94900976B79 /* AppDelegate.swift in Sources */,
				5B6036202A3C709D00E5C4C8 /* ModuleFactory.swift in Sources */,
				5BD3AA282A4B66F200E99703 /* SecondMonthCell.swift in Sources */,
				5BBE12DF2A39C94900976B79 /* SceneDelegate.swift in Sources */,
				5B259AFD2A61542B00E2E544 /* TaskView.swift in Sources */,
				5BEA806A2ABC41E500D3B4E8 /* SecondViewControllerProtocol.swift in Sources */,
				5B60361C2A3C5EDA00E5C4C8 /* Animator.swift in Sources */,
				5BBE13112A39CBF700976B79 /* SecondViewController.swift in Sources */,
				5B4888C32A49BDDE00EF4357 /* FirstMonthCell.swift in Sources */,
				5B60361A2A3C5B3300E5C4C8 /* Coordinator.swift in Sources */,
				5B770D892A3F3094009D0400 /* UIViewControllerExtension.swift in Sources */,
				5B60361E2A3C6D4D00E5C4C8 /* CoordinatorFactory.swift in Sources */,
				5B4888CC2A49C4BF00EF4357 /* CalendarViewModel.swift in Sources */,
				5B6036252A3C7CA700E5C4C8 /* FlowController.swift in Sources */,
			);
			runOnlyForDeploymentPostprocessing = 0;
		};
		5BBE12EB2A39C94B00976B79 /* Sources */ = {
			isa = PBXSourcesBuildPhase;
			buildActionMask = 2147483647;
			files = (
				5BBE12F42A39C94B00976B79 /* AnotherAnimatingTestTests.swift in Sources */,
			);
			runOnlyForDeploymentPostprocessing = 0;
		};
		5BBE12F52A39C94B00976B79 /* Sources */ = {
			isa = PBXSourcesBuildPhase;
			buildActionMask = 2147483647;
			files = (
				5BBE12FE2A39C94B00976B79 /* AnotherAnimatingTestUITests.swift in Sources */,
				5BBE13002A39C94B00976B79 /* AnotherAnimatingTestUITestsLaunchTests.swift in Sources */,
			);
			runOnlyForDeploymentPostprocessing = 0;
		};
/* End PBXSourcesBuildPhase section */

/* Begin PBXTargetDependency section */
		5BBE12F12A39C94B00976B79 /* PBXTargetDependency */ = {
			isa = PBXTargetDependency;
			target = 5BBE12D82A39C94900976B79 /* AnotherAnimatingTest */;
			targetProxy = 5BBE12F02A39C94B00976B79 /* PBXContainerItemProxy */;
		};
		5BBE12FB2A39C94B00976B79 /* PBXTargetDependency */ = {
			isa = PBXTargetDependency;
			target = 5BBE12D82A39C94900976B79 /* AnotherAnimatingTest */;
			targetProxy = 5BBE12FA2A39C94B00976B79 /* PBXContainerItemProxy */;
		};
/* End PBXTargetDependency section */

/* Begin PBXVariantGroup section */
		5BBE12E72A39C94B00976B79 /* LaunchScreen.storyboard */ = {
			isa = PBXVariantGroup;
			children = (
				5BBE12E82A39C94B00976B79 /* Base */,
			);
			name = LaunchScreen.storyboard;
			sourceTree = "<group>";
		};
/* End PBXVariantGroup section */

/* Begin XCBuildConfiguration section */
		5BBE13012A39C94B00976B79 /* Debug */ = {
			isa = XCBuildConfiguration;
			buildSettings = {
				ALWAYS_SEARCH_USER_PATHS = NO;
				CLANG_ANALYZER_NONNULL = YES;
				CLANG_ANALYZER_NUMBER_OBJECT_CONVERSION = YES_AGGRESSIVE;
				CLANG_CXX_LANGUAGE_STANDARD = "gnu++20";
				CLANG_ENABLE_MODULES = YES;
				CLANG_ENABLE_OBJC_ARC = YES;
				CLANG_ENABLE_OBJC_WEAK = YES;
				CLANG_WARN_BLOCK_CAPTURE_AUTORELEASING = YES;
				CLANG_WARN_BOOL_CONVERSION = YES;
				CLANG_WARN_COMMA = YES;
				CLANG_WARN_CONSTANT_CONVERSION = YES;
				CLANG_WARN_DEPRECATED_OBJC_IMPLEMENTATIONS = YES;
				CLANG_WARN_DIRECT_OBJC_ISA_USAGE = YES_ERROR;
				CLANG_WARN_DOCUMENTATION_COMMENTS = YES;
				CLANG_WARN_EMPTY_BODY = YES;
				CLANG_WARN_ENUM_CONVERSION = YES;
				CLANG_WARN_INFINITE_RECURSION = YES;
				CLANG_WARN_INT_CONVERSION = YES;
				CLANG_WARN_NON_LITERAL_NULL_CONVERSION = YES;
				CLANG_WARN_OBJC_IMPLICIT_RETAIN_SELF = YES;
				CLANG_WARN_OBJC_LITERAL_CONVERSION = YES;
				CLANG_WARN_OBJC_ROOT_CLASS = YES_ERROR;
				CLANG_WARN_QUOTED_INCLUDE_IN_FRAMEWORK_HEADER = YES;
				CLANG_WARN_RANGE_LOOP_ANALYSIS = YES;
				CLANG_WARN_STRICT_PROTOTYPES = YES;
				CLANG_WARN_SUSPICIOUS_MOVE = YES;
				CLANG_WARN_UNGUARDED_AVAILABILITY = YES_AGGRESSIVE;
				CLANG_WARN_UNREACHABLE_CODE = YES;
				CLANG_WARN__DUPLICATE_METHOD_MATCH = YES;
				COPY_PHASE_STRIP = NO;
				DEBUG_INFORMATION_FORMAT = dwarf;
				ENABLE_STRICT_OBJC_MSGSEND = YES;
				ENABLE_TESTABILITY = YES;
				GCC_C_LANGUAGE_STANDARD = gnu11;
				GCC_DYNAMIC_NO_PIC = NO;
				GCC_NO_COMMON_BLOCKS = YES;
				GCC_OPTIMIZATION_LEVEL = 0;
				GCC_PREPROCESSOR_DEFINITIONS = (
					"DEBUG=1",
					"$(inherited)",
				);
				GCC_WARN_64_TO_32_BIT_CONVERSION = YES;
				GCC_WARN_ABOUT_RETURN_TYPE = YES_ERROR;
				GCC_WARN_UNDECLARED_SELECTOR = YES;
				GCC_WARN_UNINITIALIZED_AUTOS = YES_AGGRESSIVE;
				GCC_WARN_UNUSED_FUNCTION = YES;
				GCC_WARN_UNUSED_VARIABLE = YES;
				IPHONEOS_DEPLOYMENT_TARGET = 16.4;
				MTL_ENABLE_DEBUG_INFO = INCLUDE_SOURCE;
				MTL_FAST_MATH = YES;
				ONLY_ACTIVE_ARCH = YES;
				SDKROOT = iphoneos;
				SWIFT_ACTIVE_COMPILATION_CONDITIONS = DEBUG;
				SWIFT_OPTIMIZATION_LEVEL = "-Onone";
			};
			name = Debug;
		};
		5BBE13022A39C94B00976B79 /* Release */ = {
			isa = XCBuildConfiguration;
			buildSettings = {
				ALWAYS_SEARCH_USER_PATHS = NO;
				CLANG_ANALYZER_NONNULL = YES;
				CLANG_ANALYZER_NUMBER_OBJECT_CONVERSION = YES_AGGRESSIVE;
				CLANG_CXX_LANGUAGE_STANDARD = "gnu++20";
				CLANG_ENABLE_MODULES = YES;
				CLANG_ENABLE_OBJC_ARC = YES;
				CLANG_ENABLE_OBJC_WEAK = YES;
				CLANG_WARN_BLOCK_CAPTURE_AUTORELEASING = YES;
				CLANG_WARN_BOOL_CONVERSION = YES;
				CLANG_WARN_COMMA = YES;
				CLANG_WARN_CONSTANT_CONVERSION = YES;
				CLANG_WARN_DEPRECATED_OBJC_IMPLEMENTATIONS = YES;
				CLANG_WARN_DIRECT_OBJC_ISA_USAGE = YES_ERROR;
				CLANG_WARN_DOCUMENTATION_COMMENTS = YES;
				CLANG_WARN_EMPTY_BODY = YES;
				CLANG_WARN_ENUM_CONVERSION = YES;
				CLANG_WARN_INFINITE_RECURSION = YES;
				CLANG_WARN_INT_CONVERSION = YES;
				CLANG_WARN_NON_LITERAL_NULL_CONVERSION = YES;
				CLANG_WARN_OBJC_IMPLICIT_RETAIN_SELF = YES;
				CLANG_WARN_OBJC_LITERAL_CONVERSION = YES;
				CLANG_WARN_OBJC_ROOT_CLASS = YES_ERROR;
				CLANG_WARN_QUOTED_INCLUDE_IN_FRAMEWORK_HEADER = YES;
				CLANG_WARN_RANGE_LOOP_ANALYSIS = YES;
				CLANG_WARN_STRICT_PROTOTYPES = YES;
				CLANG_WARN_SUSPICIOUS_MOVE = YES;
				CLANG_WARN_UNGUARDED_AVAILABILITY = YES_AGGRESSIVE;
				CLANG_WARN_UNREACHABLE_CODE = YES;
				CLANG_WARN__DUPLICATE_METHOD_MATCH = YES;
				COPY_PHASE_STRIP = NO;
				DEBUG_INFORMATION_FORMAT = "dwarf-with-dsym";
				ENABLE_NS_ASSERTIONS = NO;
				ENABLE_STRICT_OBJC_MSGSEND = YES;
				GCC_C_LANGUAGE_STANDARD = gnu11;
				GCC_NO_COMMON_BLOCKS = YES;
				GCC_WARN_64_TO_32_BIT_CONVERSION = YES;
				GCC_WARN_ABOUT_RETURN_TYPE = YES_ERROR;
				GCC_WARN_UNDECLARED_SELECTOR = YES;
				GCC_WARN_UNINITIALIZED_AUTOS = YES_AGGRESSIVE;
				GCC_WARN_UNUSED_FUNCTION = YES;
				GCC_WARN_UNUSED_VARIABLE = YES;
				IPHONEOS_DEPLOYMENT_TARGET = 16.4;
				MTL_ENABLE_DEBUG_INFO = NO;
				MTL_FAST_MATH = YES;
				SDKROOT = iphoneos;
				SWIFT_COMPILATION_MODE = wholemodule;
				SWIFT_OPTIMIZATION_LEVEL = "-O";
				VALIDATE_PRODUCT = YES;
			};
			name = Release;
		};
		5BBE13042A39C94B00976B79 /* Debug */ = {
			isa = XCBuildConfiguration;
			baseConfigurationReference = 23A6B1B0E47437149980BC59 /* Pods-AnotherAnimatingTest.debug.xcconfig */;
			buildSettings = {
				ASSETCATALOG_COMPILER_APPICON_NAME = AppIcon;
				ASSETCATALOG_COMPILER_GLOBAL_ACCENT_COLOR_NAME = AccentColor;
				CODE_SIGN_STYLE = Automatic;
				CURRENT_PROJECT_VERSION = 1;
				DEVELOPMENT_TEAM = HP7U6AK4Y6;
				GENERATE_INFOPLIST_FILE = YES;
				INFOPLIST_FILE = AnotherAnimatingTest/Info.plist;
				INFOPLIST_KEY_UIApplicationSupportsIndirectInputEvents = YES;
				INFOPLIST_KEY_UILaunchStoryboardName = LaunchScreen;
				INFOPLIST_KEY_UISupportedInterfaceOrientations_iPad = "UIInterfaceOrientationPortrait UIInterfaceOrientationPortraitUpsideDown UIInterfaceOrientationLandscapeLeft UIInterfaceOrientationLandscapeRight";
				INFOPLIST_KEY_UISupportedInterfaceOrientations_iPhone = "UIInterfaceOrientationPortrait UIInterfaceOrientationLandscapeLeft UIInterfaceOrientationLandscapeRight";
				LD_RUNPATH_SEARCH_PATHS = (
					"$(inherited)",
					"@executable_path/Frameworks",
				);
				MARKETING_VERSION = 1.0;
				PRODUCT_BUNDLE_IDENTIFIER = dberd.AnotherAnimatingTest.AnotherAnimatingTest;
				PRODUCT_NAME = "$(TARGET_NAME)";
				SWIFT_EMIT_LOC_STRINGS = YES;
				SWIFT_VERSION = 5.0;
				TARGETED_DEVICE_FAMILY = "1,2";
			};
			name = Debug;
		};
		5BBE13052A39C94B00976B79 /* Release */ = {
			isa = XCBuildConfiguration;
			baseConfigurationReference = DC77589DEF8C04236F6F9BD6 /* Pods-AnotherAnimatingTest.release.xcconfig */;
			buildSettings = {
				ASSETCATALOG_COMPILER_APPICON_NAME = AppIcon;
				ASSETCATALOG_COMPILER_GLOBAL_ACCENT_COLOR_NAME = AccentColor;
				CODE_SIGN_STYLE = Automatic;
				CURRENT_PROJECT_VERSION = 1;
				DEVELOPMENT_TEAM = HP7U6AK4Y6;
				GENERATE_INFOPLIST_FILE = YES;
				INFOPLIST_FILE = AnotherAnimatingTest/Info.plist;
				INFOPLIST_KEY_UIApplicationSupportsIndirectInputEvents = YES;
				INFOPLIST_KEY_UILaunchStoryboardName = LaunchScreen;
				INFOPLIST_KEY_UISupportedInterfaceOrientations_iPad = "UIInterfaceOrientationPortrait UIInterfaceOrientationPortraitUpsideDown UIInterfaceOrientationLandscapeLeft UIInterfaceOrientationLandscapeRight";
				INFOPLIST_KEY_UISupportedInterfaceOrientations_iPhone = "UIInterfaceOrientationPortrait UIInterfaceOrientationLandscapeLeft UIInterfaceOrientationLandscapeRight";
				LD_RUNPATH_SEARCH_PATHS = (
					"$(inherited)",
					"@executable_path/Frameworks",
				);
				MARKETING_VERSION = 1.0;
				PRODUCT_BUNDLE_IDENTIFIER = dberd.AnotherAnimatingTest.AnotherAnimatingTest;
				PRODUCT_NAME = "$(TARGET_NAME)";
				SWIFT_EMIT_LOC_STRINGS = YES;
				SWIFT_VERSION = 5.0;
				TARGETED_DEVICE_FAMILY = "1,2";
			};
			name = Release;
		};
		5BBE13072A39C94B00976B79 /* Debug */ = {
			isa = XCBuildConfiguration;
			baseConfigurationReference = 59F422723FE178D937F720C8 /* Pods-AnotherAnimatingTestTests.debug.xcconfig */;
			buildSettings = {
				ALWAYS_EMBED_SWIFT_STANDARD_LIBRARIES = YES;
				BUNDLE_LOADER = "$(TEST_HOST)";
				CODE_SIGN_STYLE = Automatic;
				CURRENT_PROJECT_VERSION = 1;
				DEVELOPMENT_TEAM = HP7U6AK4Y6;
				GENERATE_INFOPLIST_FILE = YES;
				IPHONEOS_DEPLOYMENT_TARGET = 16.4;
				MARKETING_VERSION = 1.0;
				PRODUCT_BUNDLE_IDENTIFIER = dberd.AnotherAnimatingTest.AnotherAnimatingTestTests;
				PRODUCT_NAME = "$(TARGET_NAME)";
				SWIFT_EMIT_LOC_STRINGS = NO;
				SWIFT_VERSION = 5.0;
				TARGETED_DEVICE_FAMILY = "1,2";
				TEST_HOST = "$(BUILT_PRODUCTS_DIR)/AnotherAnimatingTest.app/$(BUNDLE_EXECUTABLE_FOLDER_PATH)/AnotherAnimatingTest";
			};
			name = Debug;
		};
		5BBE13082A39C94B00976B79 /* Release */ = {
			isa = XCBuildConfiguration;
			baseConfigurationReference = 6AF149A9CB9EFE54D3051E61 /* Pods-AnotherAnimatingTestTests.release.xcconfig */;
			buildSettings = {
				ALWAYS_EMBED_SWIFT_STANDARD_LIBRARIES = YES;
				BUNDLE_LOADER = "$(TEST_HOST)";
				CODE_SIGN_STYLE = Automatic;
				CURRENT_PROJECT_VERSION = 1;
				DEVELOPMENT_TEAM = HP7U6AK4Y6;
				GENERATE_INFOPLIST_FILE = YES;
				IPHONEOS_DEPLOYMENT_TARGET = 16.4;
				MARKETING_VERSION = 1.0;
				PRODUCT_BUNDLE_IDENTIFIER = dberd.AnotherAnimatingTest.AnotherAnimatingTestTests;
				PRODUCT_NAME = "$(TARGET_NAME)";
				SWIFT_EMIT_LOC_STRINGS = NO;
				SWIFT_VERSION = 5.0;
				TARGETED_DEVICE_FAMILY = "1,2";
				TEST_HOST = "$(BUILT_PRODUCTS_DIR)/AnotherAnimatingTest.app/$(BUNDLE_EXECUTABLE_FOLDER_PATH)/AnotherAnimatingTest";
			};
			name = Release;
		};
		5BBE130A2A39C94B00976B79 /* Debug */ = {
			isa = XCBuildConfiguration;
			baseConfigurationReference = 393AE1757A70C9ED680DA9F4 /* Pods-AnotherAnimatingTest-AnotherAnimatingTestUITests.debug.xcconfig */;
			buildSettings = {
				ALWAYS_EMBED_SWIFT_STANDARD_LIBRARIES = YES;
				CODE_SIGN_STYLE = Automatic;
				CURRENT_PROJECT_VERSION = 1;
				DEVELOPMENT_TEAM = HP7U6AK4Y6;
				GENERATE_INFOPLIST_FILE = YES;
				MARKETING_VERSION = 1.0;
				PRODUCT_BUNDLE_IDENTIFIER = dberd.AnotherAnimatingTest.AnotherAnimatingTestUITests;
				PRODUCT_NAME = "$(TARGET_NAME)";
				SWIFT_EMIT_LOC_STRINGS = NO;
				SWIFT_VERSION = 5.0;
				TARGETED_DEVICE_FAMILY = "1,2";
				TEST_TARGET_NAME = AnotherAnimatingTest;
			};
			name = Debug;
		};
		5BBE130B2A39C94B00976B79 /* Release */ = {
			isa = XCBuildConfiguration;
			baseConfigurationReference = AED8B4C3E14384C0F4D7027D /* Pods-AnotherAnimatingTest-AnotherAnimatingTestUITests.release.xcconfig */;
			buildSettings = {
				ALWAYS_EMBED_SWIFT_STANDARD_LIBRARIES = YES;
				CODE_SIGN_STYLE = Automatic;
				CURRENT_PROJECT_VERSION = 1;
				DEVELOPMENT_TEAM = HP7U6AK4Y6;
				GENERATE_INFOPLIST_FILE = YES;
				MARKETING_VERSION = 1.0;
				PRODUCT_BUNDLE_IDENTIFIER = dberd.AnotherAnimatingTest.AnotherAnimatingTestUITests;
				PRODUCT_NAME = "$(TARGET_NAME)";
				SWIFT_EMIT_LOC_STRINGS = NO;
				SWIFT_VERSION = 5.0;
				TARGETED_DEVICE_FAMILY = "1,2";
				TEST_TARGET_NAME = AnotherAnimatingTest;
			};
			name = Release;
		};
/* End XCBuildConfiguration section */

/* Begin XCConfigurationList section */
		5BBE12D42A39C94900976B79 /* Build configuration list for PBXProject "AnotherAnimatingTest" */ = {
			isa = XCConfigurationList;
			buildConfigurations = (
				5BBE13012A39C94B00976B79 /* Debug */,
				5BBE13022A39C94B00976B79 /* Release */,
			);
			defaultConfigurationIsVisible = 0;
			defaultConfigurationName = Release;
		};
		5BBE13032A39C94B00976B79 /* Build configuration list for PBXNativeTarget "AnotherAnimatingTest" */ = {
			isa = XCConfigurationList;
			buildConfigurations = (
				5BBE13042A39C94B00976B79 /* Debug */,
				5BBE13052A39C94B00976B79 /* Release */,
			);
			defaultConfigurationIsVisible = 0;
			defaultConfigurationName = Release;
		};
		5BBE13062A39C94B00976B79 /* Build configuration list for PBXNativeTarget "AnotherAnimatingTestTests" */ = {
			isa = XCConfigurationList;
			buildConfigurations = (
				5BBE13072A39C94B00976B79 /* Debug */,
				5BBE13082A39C94B00976B79 /* Release */,
			);
			defaultConfigurationIsVisible = 0;
			defaultConfigurationName = Release;
		};
		5BBE13092A39C94B00976B79 /* Build configuration list for PBXNativeTarget "AnotherAnimatingTestUITests" */ = {
			isa = XCConfigurationList;
			buildConfigurations = (
				5BBE130A2A39C94B00976B79 /* Debug */,
				5BBE130B2A39C94B00976B79 /* Release */,
			);
			defaultConfigurationIsVisible = 0;
			defaultConfigurationName = Release;
		};
/* End XCConfigurationList section */
	};
	rootObject = 5BBE12D12A39C94900976B79 /* Project object */;
}
